<?xml version="1.0"?>
<!--
    libThread - A threading plugin for Simba
    Copyright (C) 2014 by John Peel

    libThread is free software: you can redistribute it and/or modify
    it under the terms of the GNU General Public License as published by
    the Free Software Foundation, either version 3 of the License, or
    (at your option) any later version.

    libThread is distributed in the hope that it will be useful,
    but WITHOUT ANY WARRANTY; without even the implied warranty of
    MERCHANTABILITY or FITNESS FOR A PARTICULAR PURPOSE.  See the
    GNU General Public License for more details.

    You should have received a copy of the GNU General Public License
    along with this program.  If not, see <http://www.gnu.org/licenses/>.

    See the file LICENSE, included in this distribution,
    for details about the copyright.
-->
<CONFIG>
  <ProjectOptions>
    <Version Value="9"/>
    <PathDelim Value="\"/>
    <General>
      <Flags>
        <SaveClosedFiles Value="False"/>
        <MainUnitHasCreateFormStatements Value="False"/>
        <MainUnitHasTitleStatement Value="False"/>
        <LRSInOutputDirectory Value="False"/>
        <SaveJumpHistory Value="False"/>
        <SaveFoldState Value="False"/>
      </Flags>
      <SessionStorage Value="None"/>
      <MainUnit Value="0"/>
      <Title Value="libthread"/>
      <UseAppBundle Value="False"/>
      <ResourceType Value="res"/>
    </General>
    <i18n>
      <EnableI18N LFM="False"/>
    </i18n>
    <VersionInfo>
      <UseVersionInfo Value="True"/>
      <RevisionNr Value="2"/>
      <BuildNr Value="1"/>
      <CharSet Value="04B0"/>
      <StringTable InternalName="libThread"/>
    </VersionInfo>
    <BuildModes Count="2">
      <Item1 Name="Debug" Default="True"/>
      <Item2 Name="Release">
        <CompilerOptions>
          <Version Value="11"/>
          <PathDelim Value="\"/>
          <Target>
            <Filename Value="dist\libThread$(TargetCPU)"/>
          </Target>
          <SearchPaths>
            <IncludeFiles Value="$(ProjOutDir)"/>
            <OtherUnitFiles Value="\"/>
            <UnitOutputDirectory Value="lib\$(TargetCPU)-$(TargetOS)"/>
          </SearchPaths>
          <BuildMacros>
            <Count Value="1"/>
            <Item1>
              <Identifier Value="BuildMacro1"/>
            </Item1>
          </BuildMacros>
          <Parsing>
            <SyntaxOptions>
              <AllowLabel Value="False"/>
              <CPPInline Value="False"/>
              <CStyleMacros Value="True"/>
            </SyntaxOptions>
          </Parsing>
          <CodeGeneration>
            <SmartLinkUnit Value="True"/>
            <Optimizations>
              <OptimizationLevel Value="2"/>
            </Optimizations>
          </CodeGeneration>
          <Linking>
            <Debugging>
              <GenerateDebugInfo Value="False"/>
              <StripSymbols Value="True"/>
            </Debugging>
            <LinkSmart Value="True"/>
            <Options>
              <ExecutableType Value="Library"/>
            </Options>
          </Linking>
          <Other>
            <CompilerMessages>
              <MsgFileName Value=""/>
            </CompilerMessages>
            <CompilerPath Value="$(CompPath)"/>
          </Other>
        </CompilerOptions>
      </Item2>
    </BuildModes>
    <PublishOptions>
      <Version Value="2"/>
      <IncludeFileFilter Value="*.(pas|pp|inc|lfm|lpr|lrs|lpi|lpk|sh|xml)"/>
      <ExcludeFileFilter Value="*.(bak|ppu|o|so);*~;backup"/>
    </PublishOptions>
    <RunParams>
      <local>
        <FormatVersion Value="1"/>
      </local>
    </RunParams>
    <Units Count="4">
      <Unit0>
        <Filename Value="libthread.lpr"/>
        <IsPartOfProject Value="True"/>
        <UnitName Value="libthread"/>
      </Unit0>
      <Unit1>
        <Filename Value="simbaplugin.pas"/>
        <IsPartOfProject Value="True"/>
        <UnitName Value="SimbaPlugin"/>
      </Unit1>
      <Unit2>
        <Filename Value="lapethread.pas"/>
        <IsPartOfProject Value="True"/>
        <UnitName Value="LapeThread"/>
      </Unit2>
      <Unit3>
        <Filename Value="lapecriticalsection.pas"/>
        <IsPartOfProject Value="True"/>
        <UnitName Value="LapeCriticalSection"/>
      </Unit3>
    </Units>
  </ProjectOptions>
  <CompilerOptions>
    <Version Value="11"/>
    <PathDelim Value="\"/>
    <Target>
      <Filename Value="dist\libThread_debug$(TargetCPU)"/>
    </Target>
    <SearchPaths>
      <IncludeFiles Value="$(ProjOutDir)"/>
      <UnitOutputDirectory Value="lib\$(TargetCPU)-$(TargetOS)"/>
    </SearchPaths>
    <Parsing>
      <SyntaxOptions>
        <IncludeAssertionCode Value="True"/>
        <AllowLabel Value="False"/>
        <CPPInline Value="False"/>
        <CStyleMacros Value="True"/>
      </SyntaxOptions>
    </Parsing>
    <CodeGeneration>
      <Checks>
        <IOChecks Value="True"/>
        <RangeChecks Value="True"/>
        <OverflowChecks Value="True"/>
        <StackChecks Value="True"/>
      </Checks>
	  <VerifyObjMethodCallValidity Value="True"/>
    </CodeGeneration>
    <Linking>
      <Debugging>
        <DebugInfoType Value="dsDwarf2Set"/>
        <UseHeaptrc Value="True"/>
      </Debugging>
      <Options>
        <ExecutableType Value="Library"/>
      </Options>
    </Linking>
    <Other>
      <CompilerMessages>
        <MsgFileName Value=""/>
      </CompilerMessages>
      <CompilerPath Value="$(CompPath)"/>
    </Other>
  </CompilerOptions>
  <Debugging>
    <Exceptions Count="3">
      <Item1>
        <Name Value="EAbort"/>
      </Item1>
      <Item2>
        <Name Value="ECodetoolError"/>
      </Item2>
      <Item3>
        <Name Value="EFOpenError"/>
      </Item3>
    </Exceptions>
  </Debugging>
</CONFIG>
